PODS:
  - Capacitor (2.1.0):
    - CapacitorCordova (= 2.1.0)
  - CapacitorCordova (2.1.0)

DEPENDENCIES:
  - "Capacitor (from `../node_modules/@capacitor/ios`)"
  - "CapacitorCordova (from `../node_modules/@capacitor/ios`)"

EXTERNAL SOURCES:
  Capacitor:
    :path: "../node_modules/@capacitor/ios"
  CapacitorCordova:
    :path: "../node_modules/@capacitor/ios"

SPEC CHECKSUMS:
  Capacitor: 2566c6028c2f9f222631354ff160bdcbb29a37ca
  CapacitorCordova: ec9566f41e4c5de373f372a5908e586f98581dd9

PODFILE CHECKSUM: e66d6fa04b0daaf06d8498d39637adf77139c716

COCOAPODS: 1.9.3
